
Microsoft Visual Studio Solution File, Format Version 12.00
# Visual Studio Version 16
VisualStudioVersion = 16.0.29318.209
MinimumVisualStudioVersion = 10.0.40219.1
Project("{FAE04EC0-301F-11D3-BF4B-00C04F79EFBC}") = "ServiceBusTrigger", "ServiceBusTrigger\ServiceBusTrigger.csproj", "{45DD3AF4-28C6-4E1F-982F-F6767F530316}"
EndProject
Global
	GlobalSection(SolutionConfigurationPlatforms) = preSolution
		Debug|Any CPU = Debug|Any CPU
		Release|Any CPU = Release|Any CPU
	EndGlobalSection
	GlobalSection(ProjectConfigurationPlatforms) = postSolution
		{45DD3AF4-28C6-4E1F-982F-F6767F530316}.Debug|Any CPU.ActiveCfg = Debug|Any CPU
		{45DD3AF4-28C6-4E1F-982F-F6767F530316}.Debug|Any CPU.Build.0 = Debug|Any CPU
		{45DD3AF4-28C6-4E1F-982F-F6767F530316}.Release|Any CPU.ActiveCfg = Release|Any CPU
		{45DD3AF4-28C6-4E1F-982F-F6767F530316}.Release|Any CPU.Build.0 = Release|Any CPU
	EndGlobalSection
	GlobalSection(SolutionProperties) = preSolution
		HideSolutionNode = FALSE
	EndGlobalSection
	GlobalSection(ExtensibilityGlobals) = postSolution
		SolutionGuid = {066301DD-11F0-406F-8EE5-78D57CEFB57A}
	EndGlobalSection
EndGlobal
