
Microsoft Visual Studio Solution File, Format Version 12.00
# Visual Studio Version 16
VisualStudioVersion = 16.0.29318.209
MinimumVisualStudioVersion = 10.0.40219.1
Project("{FAE04EC0-301F-11D3-BF4B-00C04F79EFBC}") = "FunctionAppHttpTrigger", "FunctionAppHttpTrigger\FunctionAppHttpTrigger.csproj", "{EB4D4854-767F-4674-82C7-FA0100DE4B4B}"
EndProject
Global
	GlobalSection(SolutionConfigurationPlatforms) = preSolution
		Debug|Any CPU = Debug|Any CPU
		Release|Any CPU = Release|Any CPU
	EndGlobalSection
	GlobalSection(ProjectConfigurationPlatforms) = postSolution
		{EB4D4854-767F-4674-82C7-FA0100DE4B4B}.Debug|Any CPU.ActiveCfg = Debug|Any CPU
		{EB4D4854-767F-4674-82C7-FA0100DE4B4B}.Debug|Any CPU.Build.0 = Debug|Any CPU
		{EB4D4854-767F-4674-82C7-FA0100DE4B4B}.Release|Any CPU.ActiveCfg = Release|Any CPU
		{EB4D4854-767F-4674-82C7-FA0100DE4B4B}.Release|Any CPU.Build.0 = Release|Any CPU
	EndGlobalSection
	GlobalSection(SolutionProperties) = preSolution
		HideSolutionNode = FALSE
	EndGlobalSection
	GlobalSection(ExtensibilityGlobals) = postSolution
		SolutionGuid = {75C9D5A3-3C74-40AB-A0A6-9AA1DE78DD55}
	EndGlobalSection
EndGlobal
